
Microsoft Visual Studio Solution File, Format Version 12.00
# Visual Studio 15
VisualStudioVersion = 15.0.28307.489
MinimumVisualStudioVersion = 10.0.40219.1
Project("{FAE04EC0-301F-11D3-BF4B-00C04F79EFBC}") = "DistribuicaoDeFrequencias", "DistribuicaoDeFrequencias\DistribuicaoDeFrequencias.csproj", "{F7F3BBD0-F407-440D-BDA9-7BD4965D1DCF}"
EndProject
Global
	GlobalSection(SolutionConfigurationPlatforms) = preSolution
		Debug|Any CPU = Debug|Any CPU
		Release|Any CPU = Release|Any CPU
	EndGlobalSection
	GlobalSection(ProjectConfigurationPlatforms) = postSolution
		{F7F3BBD0-F407-440D-BDA9-7BD4965D1DCF}.Debug|Any CPU.ActiveCfg = Debug|Any CPU
		{F7F3BBD0-F407-440D-BDA9-7BD4965D1DCF}.Debug|Any CPU.Build.0 = Debug|Any CPU
		{F7F3BBD0-F407-440D-BDA9-7BD4965D1DCF}.Release|Any CPU.ActiveCfg = Release|Any CPU
		{F7F3BBD0-F407-440D-BDA9-7BD4965D1DCF}.Release|Any CPU.Build.0 = Release|Any CPU
	EndGlobalSection
	GlobalSection(SolutionProperties) = preSolution
		HideSolutionNode = FALSE
	EndGlobalSection
	GlobalSection(ExtensibilityGlobals) = postSolution
		SolutionGuid = {7813952F-6F61-4D5A-8E07-10D566639290}
	EndGlobalSection
EndGlobal
